// !$*UTF8*$!
{
	archiveVersion = 1;
	classes = {
	};
	objectVersion = 55;
	objects = {

/* Begin PBXBuildFile section */
		C82224F328D9052A00673338 /* AppDelegate.swift in Sources */ = {isa = PBXBuildFile; fileRef = C82224F228D9052A00673338 /* AppDelegate.swift */; };
		C82224F528D9052A00673338 /* SceneDelegate.swift in Sources */ = {isa = PBXBuildFile; fileRef = C82224F428D9052A00673338 /* SceneDelegate.swift */; };
		C82224F728D9052A00673338 /* ViewController.swift in Sources */ = {isa = PBXBuildFile; fileRef = C82224F628D9052A00673338 /* ViewController.swift */; };
		C82224FA28D9052A00673338 /* Main.storyboard in Resources */ = {isa = PBXBuildFile; fileRef = C82224F828D9052A00673338 /* Main.storyboard */; };
		C82224FC28D9052D00673338 /* Assets.xcassets in Resources */ = {isa = PBXBuildFile; fileRef = C82224FB28D9052D00673338 /* Assets.xcassets */; };
		C82224FF28D9052D00673338 /* LaunchScreen.storyboard in Resources */ = {isa = PBXBuildFile; fileRef = C82224FD28D9052D00673338 /* LaunchScreen.storyboard */; };
		C822250A28D9052D00673338 /* Assignment_CalculatorTests.swift in Sources */ = {isa = PBXBuildFile; fileRef = C822250928D9052D00673338 /* Assignment_CalculatorTests.swift */; };
		C822251428D9052D00673338 /* Assignment_CalculatorUITests.swift in Sources */ = {isa = PBXBuildFile; fileRef = C822251328D9052D00673338 /* Assignment_CalculatorUITests.swift */; };
		C822251628D9052D00673338 /* Assignment_CalculatorUITestsLaunchTests.swift in Sources */ = {isa = PBXBuildFile; fileRef = C822251528D9052D00673338 /* Assignment_CalculatorUITestsLaunchTests.swift */; };
/* End PBXBuildFile section */

/* Begin PBXContainerItemProxy section */
		C822250628D9052D00673338 /* PBXContainerItemProxy */ = {
			isa = PBXContainerItemProxy;
			containerPortal = C82224E728D9052A00673338 /* Project object */;
			proxyType = 1;
			remoteGlobalIDString = C82224EE28D9052A00673338;
			remoteInfo = "Assignment-Calculator";
		};
		C822251028D9052D00673338 /* PBXContainerItemProxy */ = {
			isa = PBXContainerItemProxy;
			containerPortal = C82224E728D9052A00673338 /* Project object */;
			proxyType = 1;
			remoteGlobalIDString = C82224EE28D9052A00673338;
			remoteInfo = "Assignment-Calculator";
		};
/* End PBXContainerItemProxy section */

/* Begin PBXFileReference section */
		C82224EF28D9052A00673338 /* Assignment-Calculator.app */ = {isa = PBXFileReference; explicitFileType = wrapper.application; includeInIndex = 0; path = "Assignment-Calculator.app"; sourceTree = BUILT_PRODUCTS_DIR; };
		C82224F228D9052A00673338 /* AppDelegate.swift */ = {isa = PBXFileReference; lastKnownFileType = sourcecode.swift; path = AppDelegate.swift; sourceTree = "<group>"; };
		C82224F428D9052A00673338 /* SceneDelegate.swift */ = {isa = PBXFileReference; lastKnownFileType = sourcecode.swift; path = SceneDelegate.swift; sourceTree = "<group>"; };
		C82224F628D9052A00673338 /* ViewController.swift */ = {isa = PBXFileReference; lastKnownFileType = sourcecode.swift; path = ViewController.swift; sourceTree = "<group>"; };
		C82224F928D9052A00673338 /* Base */ = {isa = PBXFileReference; lastKnownFileType = file.storyboard; name = Base; path = Base.lproj/Main.storyboard; sourceTree = "<group>"; };
		C82224FB28D9052D00673338 /* Assets.xcassets */ = {isa = PBXFileReference; lastKnownFileType = folder.assetcatalog; path = Assets.xcassets; sourceTree = "<group>"; };
		C82224FE28D9052D00673338 /* Base */ = {isa = PBXFileReference; lastKnownFileType = file.storyboard; name = Base; path = Base.lproj/LaunchScreen.storyboard; sourceTree = "<group>"; };
		C822250028D9052D00673338 /* Info.plist */ = {isa = PBXFileReference; lastKnownFileType = text.plist.xml; path = Info.plist; sourceTree = "<group>"; };
		C822250528D9052D00673338 /* Assignment-CalculatorTests.xctest */ = {isa = PBXFileReference; explicitFileType = wrapper.cfbundle; includeInIndex = 0; path = "Assignment-CalculatorTests.xctest"; sourceTree = BUILT_PRODUCTS_DIR; };
		C822250928D9052D00673338 /* Assignment_CalculatorTests.swift */ = {isa = PBXFileReference; lastKnownFileType = sourcecode.swift; path = Assignment_CalculatorTests.swift; sourceTree = "<group>"; };
		C822250F28D9052D00673338 /* Assignment-CalculatorUITests.xctest */ = {isa = PBXFileReference; explicitFileType = wrapper.cfbundle; includeInIndex = 0; path = "Assignment-CalculatorUITests.xctest"; sourceTree = BUILT_PRODUCTS_DIR; };
		C822251328D9052D00673338 /* Assignment_CalculatorUITests.swift */ = {isa = PBXFileReference; lastKnownFileType = sourcecode.swift; path = Assignment_CalculatorUITests.swift; sourceTree = "<group>"; };
		C822251528D9052D00673338 /* Assignment_CalculatorUITestsLaunchTests.swift */ = {isa = PBXFileReference; lastKnownFileType = sourcecode.swift; path = Assignment_CalculatorUITestsLaunchTests.swift; sourceTree = "<group>"; };
/* End PBXFileReference section */

/* Begin PBXFrameworksBuildPhase section */
		C82224EC28D9052A00673338 /* Frameworks */ = {
			isa = PBXFrameworksBuildPhase;
			buildActionMask = 2147483647;
			files = (
			);
			runOnlyForDeploymentPostprocessing = 0;
		};
		C822250228D9052D00673338 /* Frameworks */ = {
			isa = PBXFrameworksBuildPhase;
			buildActionMask = 2147483647;
			files = (
			);
			runOnlyForDeploymentPostprocessing = 0;
		};
		C822250C28D9052D00673338 /* Frameworks */ = {
			isa = PBXFrameworksBuildPhase;
			buildActionMask = 2147483647;
			files = (
			);
			runOnlyForDeploymentPostprocessing = 0;
		};
/* End PBXFrameworksBuildPhase section */

/* Begin PBXGroup section */
		C82224E628D9052A00673338 = {
			isa = PBXGroup;
			children = (
				C82224F128D9052A00673338 /* Assignment-Calculator */,
				C822250828D9052D00673338 /* Assignment-CalculatorTests */,
				C822251228D9052D00673338 /* Assignment-CalculatorUITests */,
				C82224F028D9052A00673338 /* Products */,
			);
			sourceTree = "<group>";
		};
		C82224F028D9052A00673338 /* Products */ = {
			isa = PBXGroup;
			children = (
				C82224EF28D9052A00673338 /* Assignment-Calculator.app */,
				C822250528D9052D00673338 /* Assignment-CalculatorTests.xctest */,
				C822250F28D9052D00673338 /* Assignment-CalculatorUITests.xctest */,
			);
			name = Products;
			sourceTree = "<group>";
		};
		C82224F128D9052A00673338 /* Assignment-Calculator */ = {
			isa = PBXGroup;
			children = (
				C82224F228D9052A00673338 /* AppDelegate.swift */,
				C82224F428D9052A00673338 /* SceneDelegate.swift */,
				C82224F628D9052A00673338 /* ViewController.swift */,
				C82224F828D9052A00673338 /* Main.storyboard */,
				C82224FB28D9052D00673338 /* Assets.xcassets */,
				C82224FD28D9052D00673338 /* LaunchScreen.storyboard */,
				C822250028D9052D00673338 /* Info.plist */,
			);
			path = "Assignment-Calculator";
			sourceTree = "<group>";
		};
		C822250828D9052D00673338 /* Assignment-CalculatorTests */ = {
			isa = PBXGroup;
			children = (
				C822250928D9052D00673338 /* Assignment_CalculatorTests.swift */,
			);
			path = "Assignment-CalculatorTests";
			sourceTree = "<group>";
		};
		C822251228D9052D00673338 /* Assignment-CalculatorUITests */ = {
			isa = PBXGroup;
			children = (
				C822251328D9052D00673338 /* Assignment_CalculatorUITests.swift */,
				C822251528D9052D00673338 /* Assignment_CalculatorUITestsLaunchTests.swift */,
			);
			path = "Assignment-CalculatorUITests";
			sourceTree = "<group>";
		};
/* End PBXGroup section */

/* Begin PBXNativeTarget section */
		C82224EE28D9052A00673338 /* Assignment-Calculator */ = {
			isa = PBXNativeTarget;
			buildConfigurationList = C822251928D9052D00673338 /* Build configuration list for PBXNativeTarget "Assignment-Calculator" */;
			buildPhases = (
				C82224EB28D9052A00673338 /* Sources */,
				C82224EC28D9052A00673338 /* Frameworks */,
				C82224ED28D9052A00673338 /* Resources */,
			);
			buildRules = (
			);
			dependencies = (
			);
			name = "Assignment-Calculator";
			productName = "Assignment-Calculator";
			productReference = C82224EF28D9052A00673338 /* Assignment-Calculator.app */;
			productType = "com.apple.product-type.application";
		};
		C822250428D9052D00673338 /* Assignment-CalculatorTests */ = {
			isa = PBXNativeTarget;
			buildConfigurationList = C822251C28D9052D00673338 /* Build configuration list for PBXNativeTarget "Assignment-CalculatorTests" */;
			buildPhases = (
				C822250128D9052D00673338 /* Sources */,
				C822250228D9052D00673338 /* Frameworks */,
				C822250328D9052D00673338 /* Resources */,
			);
			buildRules = (
			);
			dependencies = (
				C822250728D9052D00673338 /* PBXTargetDependency */,
			);
			name = "Assignment-CalculatorTests";
			productName = "Assignment-CalculatorTests";
			productReference = C822250528D9052D00673338 /* Assignment-CalculatorTests.xctest */;
			productType = "com.apple.product-type.bundle.unit-test";
		};
		C822250E28D9052D00673338 /* Assignment-CalculatorUITests */ = {
			isa = PBXNativeTarget;
			buildConfigurationList = C822251F28D9052D00673338 /* Build configuration list for PBXNativeTarget "Assignment-CalculatorUITests" */;
			buildPhases = (
				C822250B28D9052D00673338 /* Sources */,
				C822250C28D9052D00673338 /* Frameworks */,
				C822250D28D9052D00673338 /* Resources */,
			);
			buildRules = (
			);
			dependencies = (
				C822251128D9052D00673338 /* PBXTargetDependency */,
			);
			name = "Assignment-CalculatorUITests";
			productName = "Assignment-CalculatorUITests";
			productReference = C822250F28D9052D00673338 /* Assignment-CalculatorUITests.xctest */;
			productType = "com.apple.product-type.bundle.ui-testing";
		};
/* End PBXNativeTarget section */

/* Begin PBXProject section */
		C82224E728D9052A00673338 /* Project object */ = {
			isa = PBXProject;
			attributes = {
				BuildIndependentTargetsInParallel = 1;
				LastSwiftUpdateCheck = 1340;
				LastUpgradeCheck = 1340;
				TargetAttributes = {
					C82224EE28D9052A00673338 = {
						CreatedOnToolsVersion = 13.4.1;
					};
					C822250428D9052D00673338 = {
						CreatedOnToolsVersion = 13.4.1;
						TestTargetID = C82224EE28D9052A00673338;
					};
					C822250E28D9052D00673338 = {
						CreatedOnToolsVersion = 13.4.1;
						TestTargetID = C82224EE28D9052A00673338;
					};
				};
			};
			buildConfigurationList = C82224EA28D9052A00673338 /* Build configuration list for PBXProject "Assignment-Calculator" */;
			compatibilityVersion = "Xcode 13.0";
			developmentRegion = en;
			hasScannedForEncodings = 0;
			knownRegions = (
				en,
				Base,
			);
			mainGroup = C82224E628D9052A00673338;
			productRefGroup = C82224F028D9052A00673338 /* Products */;
			projectDirPath = "";
			projectRoot = "";
			targets = (
				C82224EE28D9052A00673338 /* Assignment-Calculator */,
				C822250428D9052D00673338 /* Assignment-CalculatorTests */,
				C822250E28D9052D00673338 /* Assignment-CalculatorUITests */,
			);
		};
/* End PBXProject section */

/* Begin PBXResourcesBuildPhase section */
		C82224ED28D9052A00673338 /* Resources */ = {
			isa = PBXResourcesBuildPhase;
			buildActionMask = 2147483647;
			files = (
				C82224FF28D9052D00673338 /* LaunchScreen.storyboard in Resources */,
				C82224FC28D9052D00673338 /* Assets.xcassets in Resources */,
				C82224FA28D9052A00673338 /* Main.storyboard in Resources */,
			);
			runOnlyForDeploymentPostprocessing = 0;
		};
		C822250328D9052D00673338 /* Resources */ = {
			isa = PBXResourcesBuildPhase;
			buildActionMask = 2147483647;
			files = (
			);
			runOnlyForDeploymentPostprocessing = 0;
		};
		C822250D28D9052D00673338 /* Resources */ = {
			isa = PBXResourcesBuildPhase;
			buildActionMask = 2147483647;
			files = (
			);
			runOnlyForDeploymentPostprocessing = 0;
		};
/* End PBXResourcesBuildPhase section */

/* Begin PBXSourcesBuildPhase section */
		C82224EB28D9052A00673338 /* Sources */ = {
			isa = PBXSourcesBuildPhase;
			buildActionMask = 2147483647;
			files = (
				C82224F728D9052A00673338 /* ViewController.swift in Sources */,
				C82224F328D9052A00673338 /* AppDelegate.swift in Sources */,
				C82224F528D9052A00673338 /* SceneDelegate.swift in Sources */,
			);
			runOnlyForDeploymentPostprocessing = 0;
		};
		C822250128D9052D00673338 /* Sources */ = {
			isa = PBXSourcesBuildPhase;
			buildActionMask = 2147483647;
			files = (
				C822250A28D9052D00673338 /* Assignment_CalculatorTests.swift in Sources */,
			);
			runOnlyForDeploymentPostprocessing = 0;
		};
		C822250B28D9052D00673338 /* Sources */ = {
			isa = PBXSourcesBuildPhase;
			buildActionMask = 2147483647;
			files = (
				C822251428D9052D00673338 /* Assignment_CalculatorUITests.swift in Sources */,
				C822251628D9052D00673338 /* Assignment_CalculatorUITestsLaunchTests.swift in Sources */,
			);
			runOnlyForDeploymentPostprocessing = 0;
		};
/* End PBXSourcesBuildPhase section */

/* Begin PBXTargetDependency section */
		C822250728D9052D00673338 /* PBXTargetDependency */ = {
			isa = PBXTargetDependency;
			target = C82224EE28D9052A00673338 /* Assignment-Calculator */;
			targetProxy = C822250628D9052D00673338 /* PBXContainerItemProxy */;
		};
		C822251128D9052D00673338 /* PBXTargetDependency */ = {
			isa = PBXTargetDependency;
			target = C82224EE28D9052A00673338 /* Assignment-Calculator */;
			targetProxy = C822251028D9052D00673338 /* PBXContainerItemProxy */;
		};
/* End PBXTargetDependency section */

/* Begin PBXVariantGroup section */
		C82224F828D9052A00673338 /* Main.storyboard */ = {
			isa = PBXVariantGroup;
			children = (
				C82224F928D9052A00673338 /* Base */,
			);
			name = Main.storyboard;
			sourceTree = "<group>";
		};
		C82224FD28D9052D00673338 /* LaunchScreen.storyboard */ = {
			isa = PBXVariantGroup;
			children = (
				C82224FE28D9052D00673338 /* Base */,
			);
			name = LaunchScreen.storyboard;
			sourceTree = "<group>";
		};
/* End PBXVariantGroup section */

/* Begin XCBuildConfiguration section */
		C822251728D9052D00673338 /* Debug */ = {
			isa = XCBuildConfiguration;
			buildSettings = {
				ALWAYS_SEARCH_USER_PATHS = NO;
				CLANG_ANALYZER_NONNULL = YES;
				CLANG_ANALYZER_NUMBER_OBJECT_CONVERSION = YES_AGGRESSIVE;
				CLANG_CXX_LANGUAGE_STANDARD = "gnu++17";
				CLANG_ENABLE_MODULES = YES;
				CLANG_ENABLE_OBJC_ARC = YES;
				CLANG_ENABLE_OBJC_WEAK = YES;
				CLANG_WARN_BLOCK_CAPTURE_AUTORELEASING = YES;
				CLANG_WARN_BOOL_CONVERSION = YES;
				CLANG_WARN_COMMA = YES;
				CLANG_WARN_CONSTANT_CONVERSION = YES;
				CLANG_WARN_DEPRECATED_OBJC_IMPLEMENTATIONS = YES;
				CLANG_WARN_DIRECT_OBJC_ISA_USAGE = YES_ERROR;
				CLANG_WARN_DOCUMENTATION_COMMENTS = YES;
				CLANG_WARN_EMPTY_BODY = YES;
				CLANG_WARN_ENUM_CONVERSION = YES;
				CLANG_WARN_INFINITE_RECURSION = YES;
				CLANG_WARN_INT_CONVERSION = YES;
				CLANG_WARN_NON_LITERAL_NULL_CONVERSION = YES;
				CLANG_WARN_OBJC_IMPLICIT_RETAIN_SELF = YES;
				CLANG_WARN_OBJC_LITERAL_CONVERSION = YES;
				CLANG_WARN_OBJC_ROOT_CLASS = YES_ERROR;
				CLANG_WARN_QUOTED_INCLUDE_IN_FRAMEWORK_HEADER = YES;
				CLANG_WARN_RANGE_LOOP_ANALYSIS = YES;
				CLANG_WARN_STRICT_PROTOTYPES = YES;
				CLANG_WARN_SUSPICIOUS_MOVE = YES;
				CLANG_WARN_UNGUARDED_AVAILABILITY = YES_AGGRESSIVE;
				CLANG_WARN_UNREACHABLE_CODE = YES;
				CLANG_WARN__DUPLICATE_METHOD_MATCH = YES;
				COPY_PHASE_STRIP = NO;
				DEBUG_INFORMATION_FORMAT = dwarf;
				ENABLE_STRICT_OBJC_MSGSEND = YES;
				ENABLE_TESTABILITY = YES;
				GCC_C_LANGUAGE_STANDARD = gnu11;
				GCC_DYNAMIC_NO_PIC = NO;
				GCC_NO_COMMON_BLOCKS = YES;
				GCC_OPTIMIZATION_LEVEL = 0;
				GCC_PREPROCESSOR_DEFINITIONS = (
					"DEBUG=1",
					"$(inherited)",
				);
				GCC_WARN_64_TO_32_BIT_CONVERSION = YES;
				GCC_WARN_ABOUT_RETURN_TYPE = YES_ERROR;
				GCC_WARN_UNDECLARED_SELECTOR = YES;
				GCC_WARN_UNINITIALIZED_AUTOS = YES_AGGRESSIVE;
				GCC_WARN_UNUSED_FUNCTION = YES;
				GCC_WARN_UNUSED_VARIABLE = YES;
				IPHONEOS_DEPLOYMENT_TARGET = 15.5;
				MTL_ENABLE_DEBUG_INFO = INCLUDE_SOURCE;
				MTL_FAST_MATH = YES;
				ONLY_ACTIVE_ARCH = YES;
				SDKROOT = iphoneos;
				SWIFT_ACTIVE_COMPILATION_CONDITIONS = DEBUG;
				SWIFT_OPTIMIZATION_LEVEL = "-Onone";
			};
			name = Debug;
		};
		C822251828D9052D00673338 /* Release */ = {
			isa = XCBuildConfiguration;
			buildSettings = {
				ALWAYS_SEARCH_USER_PATHS = NO;
				CLANG_ANALYZER_NONNULL = YES;
				CLANG_ANALYZER_NUMBER_OBJECT_CONVERSION = YES_AGGRESSIVE;
				CLANG_CXX_LANGUAGE_STANDARD = "gnu++17";
				CLANG_ENABLE_MODULES = YES;
				CLANG_ENABLE_OBJC_ARC = YES;
				CLANG_ENABLE_OBJC_WEAK = YES;
				CLANG_WARN_BLOCK_CAPTURE_AUTORELEASING = YES;
				CLANG_WARN_BOOL_CONVERSION = YES;
				CLANG_WARN_COMMA = YES;
				CLANG_WARN_CONSTANT_CONVERSION = YES;
				CLANG_WARN_DEPRECATED_OBJC_IMPLEMENTATIONS = YES;
				CLANG_WARN_DIRECT_OBJC_ISA_USAGE = YES_ERROR;
				CLANG_WARN_DOCUMENTATION_COMMENTS = YES;
				CLANG_WARN_EMPTY_BODY = YES;
				CLANG_WARN_ENUM_CONVERSION = YES;
				CLANG_WARN_INFINITE_RECURSION = YES;
				CLANG_WARN_INT_CONVERSION = YES;
				CLANG_WARN_NON_LITERAL_NULL_CONVERSION = YES;
				CLANG_WARN_OBJC_IMPLICIT_RETAIN_SELF = YES;
				CLANG_WARN_OBJC_LITERAL_CONVERSION = YES;
				CLANG_WARN_OBJC_ROOT_CLASS = YES_ERROR;
				CLANG_WARN_QUOTED_INCLUDE_IN_FRAMEWORK_HEADER = YES;
				CLANG_WARN_RANGE_LOOP_ANALYSIS = YES;
				CLANG_WARN_STRICT_PROTOTYPES = YES;
				CLANG_WARN_SUSPICIOUS_MOVE = YES;
				CLANG_WARN_UNGUARDED_AVAILABILITY = YES_AGGRESSIVE;
				CLANG_WARN_UNREACHABLE_CODE = YES;
				CLANG_WARN__DUPLICATE_METHOD_MATCH = YES;
				COPY_PHASE_STRIP = NO;
				DEBUG_INFORMATION_FORMAT = "dwarf-with-dsym";
				ENABLE_NS_ASSERTIONS = NO;
				ENABLE_STRICT_OBJC_MSGSEND = YES;
				GCC_C_LANGUAGE_STANDARD = gnu11;
				GCC_NO_COMMON_BLOCKS = YES;
				GCC_WARN_64_TO_32_BIT_CONVERSION = YES;
				GCC_WARN_ABOUT_RETURN_TYPE = YES_ERROR;
				GCC_WARN_UNDECLARED_SELECTOR = YES;
				GCC_WARN_UNINITIALIZED_AUTOS = YES_AGGRESSIVE;
				GCC_WARN_UNUSED_FUNCTION = YES;
				GCC_WARN_UNUSED_VARIABLE = YES;
				IPHONEOS_DEPLOYMENT_TARGET = 15.5;
				MTL_ENABLE_DEBUG_INFO = NO;
				MTL_FAST_MATH = YES;
				SDKROOT = iphoneos;
				SWIFT_COMPILATION_MODE = wholemodule;
				SWIFT_OPTIMIZATION_LEVEL = "-O";
				VALIDATE_PRODUCT = YES;
			};
			name = Release;
		};
		C822251A28D9052D00673338 /* Debug */ = {
			isa = XCBuildConfiguration;
			buildSettings = {
				ASSETCATALOG_COMPILER_APPICON_NAME = AppIcon;
				ASSETCATALOG_COMPILER_GLOBAL_ACCENT_COLOR_NAME = AccentColor;
				CODE_SIGN_STYLE = Automatic;
				CURRENT_PROJECT_VERSION = 1;
				DEVELOPMENT_TEAM = CPHSS582DX;
				GENERATE_INFOPLIST_FILE = YES;
				INFOPLIST_FILE = "Assignment-Calculator/Info.plist";
				INFOPLIST_KEY_UIApplicationSupportsIndirectInputEvents = YES;
				INFOPLIST_KEY_UILaunchStoryboardName = LaunchScreen;
				INFOPLIST_KEY_UIMainStoryboardFile = Main;
				INFOPLIST_KEY_UISupportedInterfaceOrientations = UIInterfaceOrientationPortrait;
				INFOPLIST_KEY_UISupportedInterfaceOrientations_iPad = "UIInterfaceOrientationPortrait UIInterfaceOrientationPortraitUpsideDown UIInterfaceOrientationLandscapeLeft UIInterfaceOrientationLandscapeRight";
				INFOPLIST_KEY_UISupportedInterfaceOrientations_iPhone = "UIInterfaceOrientationPortrait UIInterfaceOrientationLandscapeLeft UIInterfaceOrientationLandscapeRight";
				LD_RUNPATH_SEARCH_PATHS = (
					"$(inherited)",
					"@executable_path/Frameworks",
				);
				MARKETING_VERSION = 1.0;
				PRODUCT_BUNDLE_IDENTIFIER = "ca.centennialcollege.Assignment-Calculator";
				PRODUCT_NAME = "$(TARGET_NAME)";
				SWIFT_EMIT_LOC_STRINGS = YES;
				SWIFT_VERSION = 5.0;
				TARGETED_DEVICE_FAMILY = 1;
			};
			name = Debug;
		};
		C822251B28D9052D00673338 /* Release */ = {
			isa = XCBuildConfiguration;
			buildSettings = {
				ASSETCATALOG_COMPILER_APPICON_NAME = AppIcon;
				ASSETCATALOG_COMPILER_GLOBAL_ACCENT_COLOR_NAME = AccentColor;
				CODE_SIGN_STYLE = Automatic;
				CURRENT_PROJECT_VERSION = 1;
				DEVELOPMENT_TEAM = CPHSS582DX;
				GENERATE_INFOPLIST_FILE = YES;
				INFOPLIST_FILE = "Assignment-Calculator/Info.plist";
				INFOPLIST_KEY_UIApplicationSupportsIndirectInputEvents = YES;
				INFOPLIST_KEY_UILaunchStoryboardName = LaunchScreen;
				INFOPLIST_KEY_UIMainStoryboardFile = Main;
				INFOPLIST_KEY_UISupportedInterfaceOrientations = UIInterfaceOrientationPortrait;
				INFOPLIST_KEY_UISupportedInterfaceOrientations_iPad = "UIInterfaceOrientationPortrait UIInterfaceOrientationPortraitUpsideDown UIInterfaceOrientationLandscapeLeft UIInterfaceOrientationLandscapeRight";
				INFOPLIST_KEY_UISupportedInterfaceOrientations_iPhone = "UIInterfaceOrientationPortrait UIInterfaceOrientationLandscapeLeft UIInterfaceOrientationLandscapeRight";
				LD_RUNPATH_SEARCH_PATHS = (
					"$(inherited)",
					"@executable_path/Frameworks",
				);
				MARKETING_VERSION = 1.0;
				PRODUCT_BUNDLE_IDENTIFIER = "ca.centennialcollege.Assignment-Calculator";
				PRODUCT_NAME = "$(TARGET_NAME)";
				SWIFT_EMIT_LOC_STRINGS = YES;
				SWIFT_VERSION = 5.0;
				TARGETED_DEVICE_FAMILY = 1;
			};
			name = Release;
		};
		C822251D28D9052D00673338 /* Debug */ = {
			isa = XCBuildConfiguration;
			buildSettings = {
				ALWAYS_EMBED_SWIFT_STANDARD_LIBRARIES = YES;
				BUNDLE_LOADER = "$(TEST_HOST)";
				CODE_SIGN_STYLE = Automatic;
				CURRENT_PROJECT_VERSION = 1;
				DEVELOPMENT_TEAM = CPHSS582DX;
				GENERATE_INFOPLIST_FILE = YES;
				IPHONEOS_DEPLOYMENT_TARGET = 15.5;
				MARKETING_VERSION = 1.0;
				PRODUCT_BUNDLE_IDENTIFIER = "ca.centennialcollege.Assignment-CalculatorTests";
				PRODUCT_NAME = "$(TARGET_NAME)";
				SWIFT_EMIT_LOC_STRINGS = NO;
				SWIFT_VERSION = 5.0;
				TARGETED_DEVICE_FAMILY = "1,2";
				TEST_HOST = "$(BUILT_PRODUCTS_DIR)/Assignment-Calculator.app/Assignment-Calculator";
			};
			name = Debug;
		};
		C822251E28D9052D00673338 /* Release */ = {
			isa = XCBuildConfiguration;
			buildSettings = {
				ALWAYS_EMBED_SWIFT_STANDARD_LIBRARIES = YES;
				BUNDLE_LOADER = "$(TEST_HOST)";
				CODE_SIGN_STYLE = Automatic;
				CURRENT_PROJECT_VERSION = 1;
				DEVELOPMENT_TEAM = CPHSS582DX;
				GENERATE_INFOPLIST_FILE = YES;
				IPHONEOS_DEPLOYMENT_TARGET = 15.5;
				MARKETING_VERSION = 1.0;
				PRODUCT_BUNDLE_IDENTIFIER = "ca.centennialcollege.Assignment-CalculatorTests";
				PRODUCT_NAME = "$(TARGET_NAME)";
				SWIFT_EMIT_LOC_STRINGS = NO;
				SWIFT_VERSION = 5.0;
				TARGETED_DEVICE_FAMILY = "1,2";
				TEST_HOST = "$(BUILT_PRODUCTS_DIR)/Assignment-Calculator.app/Assignment-Calculator";
			};
			name = Release;
		};
		C822252028D9052D00673338 /* Debug */ = {
			isa = XCBuildConfiguration;
			buildSettings = {
				ALWAYS_EMBED_SWIFT_STANDARD_LIBRARIES = YES;
				CODE_SIGN_STYLE = Automatic;
				CURRENT_PROJECT_VERSION = 1;
				DEVELOPMENT_TEAM = CPHSS582DX;
				GENERATE_INFOPLIST_FILE = YES;
				MARKETING_VERSION = 1.0;
				PRODUCT_BUNDLE_IDENTIFIER = "ca.centennialcollege.Assignment-CalculatorUITests";
				PRODUCT_NAME = "$(TARGET_NAME)";
				SWIFT_EMIT_LOC_STRINGS = NO;
				SWIFT_VERSION = 5.0;
				TARGETED_DEVICE_FAMILY = "1,2";
				TEST_TARGET_NAME = "Assignment-Calculator";
			};
			name = Debug;
		};
		C822252128D9052D00673338 /* Release */ = {
			isa = XCBuildConfiguration;
			buildSettings = {
				ALWAYS_EMBED_SWIFT_STANDARD_LIBRARIES = YES;
				CODE_SIGN_STYLE = Automatic;
				CURRENT_PROJECT_VERSION = 1;
				DEVELOPMENT_TEAM = CPHSS582DX;
				GENERATE_INFOPLIST_FILE = YES;
				MARKETING_VERSION = 1.0;
				PRODUCT_BUNDLE_IDENTIFIER = "ca.centennialcollege.Assignment-CalculatorUITests";
				PRODUCT_NAME = "$(TARGET_NAME)";
				SWIFT_EMIT_LOC_STRINGS = NO;
				SWIFT_VERSION = 5.0;
				TARGETED_DEVICE_FAMILY = "1,2";
				TEST_TARGET_NAME = "Assignment-Calculator";
			};
			name = Release;
		};
/* End XCBuildConfiguration section */

/* Begin XCConfigurationList section */
		C82224EA28D9052A00673338 /* Build configuration list for PBXProject "Assignment-Calculator" */ = {
			isa = XCConfigurationList;
			buildConfigurations = (
				C822251728D9052D00673338 /* Debug */,
				C822251828D9052D00673338 /* Release */,
			);
			defaultConfigurationIsVisible = 0;
			defaultConfigurationName = Release;
		};
		C822251928D9052D00673338 /* Build configuration list for PBXNativeTarget "Assignment-Calculator" */ = {
			isa = XCConfigurationList;
			buildConfigurations = (
				C822251A28D9052D00673338 /* Debug */,
				C822251B28D9052D00673338 /* Release */,
			);
			defaultConfigurationIsVisible = 0;
			defaultConfigurationName = Release;
		};
		C822251C28D9052D00673338 /* Build configuration list for PBXNativeTarget "Assignment-CalculatorTests" */ = {
			isa = XCConfigurationList;
			buildConfigurations = (
				C822251D28D9052D00673338 /* Debug */,
				C822251E28D9052D00673338 /* Release */,
			);
			defaultConfigurationIsVisible = 0;
			defaultConfigurationName = Release;
		};
		C822251F28D9052D00673338 /* Build configuration list for PBXNativeTarget "Assignment-CalculatorUITests" */ = {
			isa = XCConfigurationList;
			buildConfigurations = (
				C822252028D9052D00673338 /* Debug */,
				C822252128D9052D00673338 /* Release */,
			);
			defaultConfigurationIsVisible = 0;
			defaultConfigurationName = Release;
		};
/* End XCConfigurationList section */
	};
	rootObject = C82224E728D9052A00673338 /* Project object */;
}
